
Microsoft Visual Studio Solution File, Format Version 12.00
# Visual Studio 14
VisualStudioVersion = 14.0.25420.1
MinimumVisualStudioVersion = 10.0.40219.1
Project("{FAE04EC0-301F-11D3-BF4B-00C04F79EFBC}") = "AreaTriangle", "TheAreaOfATriangle\AreaTriangle.csproj", "{D56EBCAD-A9F6-4485-ADE7-2D9E96AB0EE2}"
EndProject
Project("{FAE04EC0-301F-11D3-BF4B-00C04F79EFBC}") = "Triangle.Tests", "FinderSides.Tests\Triangle.Tests.csproj", "{06BBBF5F-A2B4-41A9-936A-27684503CD64}"
EndProject
Global
	GlobalSection(SolutionConfigurationPlatforms) = preSolution
		Debug|Any CPU = Debug|Any CPU
		Release|Any CPU = Release|Any CPU
	EndGlobalSection
	GlobalSection(ProjectConfigurationPlatforms) = postSolution
		{D56EBCAD-A9F6-4485-ADE7-2D9E96AB0EE2}.Debug|Any CPU.ActiveCfg = Debug|Any CPU
		{D56EBCAD-A9F6-4485-ADE7-2D9E96AB0EE2}.Debug|Any CPU.Build.0 = Debug|Any CPU
		{D56EBCAD-A9F6-4485-ADE7-2D9E96AB0EE2}.Release|Any CPU.ActiveCfg = Release|Any CPU
		{D56EBCAD-A9F6-4485-ADE7-2D9E96AB0EE2}.Release|Any CPU.Build.0 = Release|Any CPU
		{06BBBF5F-A2B4-41A9-936A-27684503CD64}.Debug|Any CPU.ActiveCfg = Debug|Any CPU
		{06BBBF5F-A2B4-41A9-936A-27684503CD64}.Debug|Any CPU.Build.0 = Debug|Any CPU
		{06BBBF5F-A2B4-41A9-936A-27684503CD64}.Release|Any CPU.ActiveCfg = Release|Any CPU
		{06BBBF5F-A2B4-41A9-936A-27684503CD64}.Release|Any CPU.Build.0 = Release|Any CPU
	EndGlobalSection
	GlobalSection(SolutionProperties) = preSolution
		HideSolutionNode = FALSE
	EndGlobalSection
EndGlobal
